
Microsoft Visual Studio Solution File, Format Version 12.00
# Visual Studio Version 16
VisualStudioVersion = 16.0.32002.261
MinimumVisualStudioVersion = 10.0.40219.1
Project("{8BC9CEB8-8B4A-11D0-8D11-00A0C91BC942}") = "CodeUp_1369 빗금 친 사각형 출력하기", "CodeUp_1369 빗금 친 사각형 출력하기\CodeUp_1369 빗금 친 사각형 출력하기.vcxproj", "{749252A3-0E37-487D-9A11-1F70BB15A62A}"
EndProject
Global
	GlobalSection(SolutionConfigurationPlatforms) = preSolution
		Debug|x64 = Debug|x64
		Debug|x86 = Debug|x86
		Release|x64 = Release|x64
		Release|x86 = Release|x86
	EndGlobalSection
	GlobalSection(ProjectConfigurationPlatforms) = postSolution
		{749252A3-0E37-487D-9A11-1F70BB15A62A}.Debug|x64.ActiveCfg = Debug|x64
		{749252A3-0E37-487D-9A11-1F70BB15A62A}.Debug|x64.Build.0 = Debug|x64
		{749252A3-0E37-487D-9A11-1F70BB15A62A}.Debug|x86.ActiveCfg = Debug|Win32
		{749252A3-0E37-487D-9A11-1F70BB15A62A}.Debug|x86.Build.0 = Debug|Win32
		{749252A3-0E37-487D-9A11-1F70BB15A62A}.Release|x64.ActiveCfg = Release|x64
		{749252A3-0E37-487D-9A11-1F70BB15A62A}.Release|x64.Build.0 = Release|x64
		{749252A3-0E37-487D-9A11-1F70BB15A62A}.Release|x86.ActiveCfg = Release|Win32
		{749252A3-0E37-487D-9A11-1F70BB15A62A}.Release|x86.Build.0 = Release|Win32
	EndGlobalSection
	GlobalSection(SolutionProperties) = preSolution
		HideSolutionNode = FALSE
	EndGlobalSection
	GlobalSection(ExtensibilityGlobals) = postSolution
		SolutionGuid = {BD22CB97-C927-45CA-91E1-EA55BBC44854}
	EndGlobalSection
EndGlobal
